
Microsoft Visual Studio Solution File, Format Version 12.00
# Visual Studio Version 16
VisualStudioVersion = 16.0.29613.14
MinimumVisualStudioVersion = 10.0.40219.1
Project("{9A19103F-16F7-4668-BE54-9A1E7A4F7556}") = "Program", "Program\Program.csproj", "{08867D83-C723-4D2C-9D5B-C9F46750FF9A}"
EndProject
Project("{9A19103F-16F7-4668-BE54-9A1E7A4F7556}") = "iCreateOI2", "iCreateOI2\iCreateOI2.csproj", "{E842F133-AF23-494C-8C7B-8C9A78F8E4EF}"
EndProject
Global
	GlobalSection(SolutionConfigurationPlatforms) = preSolution
		Debug|Any CPU = Debug|Any CPU
		Release|Any CPU = Release|Any CPU
	EndGlobalSection
	GlobalSection(ProjectConfigurationPlatforms) = postSolution
		{08867D83-C723-4D2C-9D5B-C9F46750FF9A}.Debug|Any CPU.ActiveCfg = Debug|Any CPU
		{08867D83-C723-4D2C-9D5B-C9F46750FF9A}.Debug|Any CPU.Build.0 = Debug|Any CPU
		{08867D83-C723-4D2C-9D5B-C9F46750FF9A}.Release|Any CPU.ActiveCfg = Release|Any CPU
		{08867D83-C723-4D2C-9D5B-C9F46750FF9A}.Release|Any CPU.Build.0 = Release|Any CPU
		{E842F133-AF23-494C-8C7B-8C9A78F8E4EF}.Debug|Any CPU.ActiveCfg = Debug|Any CPU
		{E842F133-AF23-494C-8C7B-8C9A78F8E4EF}.Debug|Any CPU.Build.0 = Debug|Any CPU
		{E842F133-AF23-494C-8C7B-8C9A78F8E4EF}.Release|Any CPU.ActiveCfg = Release|Any CPU
		{E842F133-AF23-494C-8C7B-8C9A78F8E4EF}.Release|Any CPU.Build.0 = Release|Any CPU
	EndGlobalSection
	GlobalSection(SolutionProperties) = preSolution
		HideSolutionNode = FALSE
	EndGlobalSection
	GlobalSection(ExtensibilityGlobals) = postSolution
		SolutionGuid = {B7E69FD4-9768-4BEF-9D8E-202F263BC87D}
	EndGlobalSection
EndGlobal
